
Microsoft Visual Studio Solution File, Format Version 12.00
# Visual Studio Version 17
VisualStudioVersion = 17.5.33530.505
MinimumVisualStudioVersion = 10.0.40219.1
Project("{FAE04EC0-301F-11D3-BF4B-00C04F79EFBC}") = "R2CinematicMod", "R2CinematicMod\R2CinematicMod.csproj", "{B6905FCC-E861-4363-B973-543E4A218247}"
EndProject
Global
	GlobalSection(SolutionConfigurationPlatforms) = preSolution
		Debug|Any CPU = Debug|Any CPU
		Debug|x64 = Debug|x64
		Debug|x86 = Debug|x86
		Release|Any CPU = Release|Any CPU
		Release|x64 = Release|x64
		Release|x86 = Release|x86
	EndGlobalSection
	GlobalSection(ProjectConfigurationPlatforms) = postSolution
		{B6905FCC-E861-4363-B973-543E4A218247}.Debug|Any CPU.ActiveCfg = Debug|Any CPU
		{B6905FCC-E861-4363-B973-543E4A218247}.Debug|Any CPU.Build.0 = Debug|Any CPU
		{B6905FCC-E861-4363-B973-543E4A218247}.Debug|x64.ActiveCfg = Debug|x64
		{B6905FCC-E861-4363-B973-543E4A218247}.Debug|x86.ActiveCfg = Debug|Any CPU
		{B6905FCC-E861-4363-B973-543E4A218247}.Release|Any CPU.ActiveCfg = Release|Any CPU
		{B6905FCC-E861-4363-B973-543E4A218247}.Release|Any CPU.Build.0 = Release|Any CPU
		{B6905FCC-E861-4363-B973-543E4A218247}.Release|x64.ActiveCfg = Release|x64
		{B6905FCC-E861-4363-B973-543E4A218247}.Release|x86.ActiveCfg = Release|Any CPU
	EndGlobalSection
	GlobalSection(SolutionProperties) = preSolution
		HideSolutionNode = FALSE
	EndGlobalSection
	GlobalSection(ExtensibilityGlobals) = postSolution
		SolutionGuid = {4A316958-7DC6-44BD-928F-B8C20A2873CA}
	EndGlobalSection
EndGlobal
